
Microsoft Visual Studio Solution File, Format Version 12.00
# Visual Studio Express 2012 for Web
Project("{FAE04EC0-301F-11D3-BF4B-00C04F79EFBC}") = "SimpleCSharpApp", "SimpleCSharpApp\SimpleCSharpApp.csproj", "{67CB8FDA-27A5-4011-8352-01047DE8F590}"
EndProject
Global
	GlobalSection(SolutionConfigurationPlatforms) = preSolution
		Debug|Any CPU = Debug|Any CPU
		Release|Any CPU = Release|Any CPU
	EndGlobalSection
	GlobalSection(ProjectConfigurationPlatforms) = postSolution
		{67CB8FDA-27A5-4011-8352-01047DE8F590}.Debug|Any CPU.ActiveCfg = Debug|Any CPU
		{67CB8FDA-27A5-4011-8352-01047DE8F590}.Debug|Any CPU.Build.0 = Debug|Any CPU
		{67CB8FDA-27A5-4011-8352-01047DE8F590}.Release|Any CPU.ActiveCfg = Release|Any CPU
		{67CB8FDA-27A5-4011-8352-01047DE8F590}.Release|Any CPU.Build.0 = Release|Any CPU
	EndGlobalSection
	GlobalSection(SolutionProperties) = preSolution
		HideSolutionNode = FALSE
	EndGlobalSection
EndGlobal
